
Microsoft Visual Studio Solution File, Format Version 12.00
Project("{FAE04EC0-301F-11D3-BF4B-00C04F79EFBC}") = "WebApplication2", "WebApplication2\WebApplication2.csproj", "{0BA7AD6C-B30A-4657-9C2C-6196B22B3EEC}"
EndProject
Global
	GlobalSection(SolutionConfigurationPlatforms) = preSolution
		Debug|Any CPU = Debug|Any CPU
		Release|Any CPU = Release|Any CPU
	EndGlobalSection
	GlobalSection(ProjectConfigurationPlatforms) = postSolution
		{0BA7AD6C-B30A-4657-9C2C-6196B22B3EEC}.Debug|Any CPU.ActiveCfg = Debug|Any CPU
		{0BA7AD6C-B30A-4657-9C2C-6196B22B3EEC}.Debug|Any CPU.Build.0 = Debug|Any CPU
		{0BA7AD6C-B30A-4657-9C2C-6196B22B3EEC}.Release|Any CPU.ActiveCfg = Release|Any CPU
		{0BA7AD6C-B30A-4657-9C2C-6196B22B3EEC}.Release|Any CPU.Build.0 = Release|Any CPU
	EndGlobalSection
EndGlobal
